
Microsoft Visual Studio Solution File, Format Version 12.00
Project("{FAE04EC0-301F-11D3-BF4B-00C04F79EFBC}") = "cSharp8Examples", "cSharp8Examples.csproj", "{8C2E7259-F30E-4E74-A275-BE9558118D57}"
EndProject
Global
	GlobalSection(SolutionConfigurationPlatforms) = preSolution
		Debug|Any CPU = Debug|Any CPU
		Release|Any CPU = Release|Any CPU
	EndGlobalSection
	GlobalSection(ProjectConfigurationPlatforms) = postSolution
		{8C2E7259-F30E-4E74-A275-BE9558118D57}.Debug|Any CPU.ActiveCfg = Debug|Any CPU
		{8C2E7259-F30E-4E74-A275-BE9558118D57}.Debug|Any CPU.Build.0 = Debug|Any CPU
		{8C2E7259-F30E-4E74-A275-BE9558118D57}.Release|Any CPU.ActiveCfg = Release|Any CPU
		{8C2E7259-F30E-4E74-A275-BE9558118D57}.Release|Any CPU.Build.0 = Release|Any CPU
	EndGlobalSection
EndGlobal
